
Microsoft Visual Studio Solution File, Format Version 12.00
# Visual Studio 2013
VisualStudioVersion = 12.0.21005.1
MinimumVisualStudioVersion = 10.0.40219.1
Project("{FAE04EC0-301F-11D3-BF4B-00C04F79EFBC}") = "psycoder", "psycoder\psycoder.csproj", "{8239F737-FB98-47B2-B69F-EAC8AF99DA70}"
EndProject
Project("{FAE04EC0-301F-11D3-BF4B-00C04F79EFBC}") = "Common", "Common\Common.csproj", "{97BB8354-AD37-40D1-AD0D-7EEE6026D2AA}"
EndProject
Project("{FAE04EC0-301F-11D3-BF4B-00C04F79EFBC}") = "psycoderDal", "psycoderDal\psycoderDal.csproj", "{7897FC21-26A3-4EE2-A5FC-3073BA93478C}"
EndProject
Project("{FAE04EC0-301F-11D3-BF4B-00C04F79EFBC}") = "psycoderEntity", "psycoderEntity\psycoderEntity.csproj", "{F9250C6E-804F-430A-AA0A-EE96694DE17C}"
EndProject
Project("{FAE04EC0-301F-11D3-BF4B-00C04F79EFBC}") = "psycoderService", "psycoderService\psycoderService.csproj", "{F3A9F823-862C-43C2-B60E-7B1987032AE9}"
EndProject
Global
	GlobalSection(SolutionConfigurationPlatforms) = preSolution
		Debug|Any CPU = Debug|Any CPU
		Release|Any CPU = Release|Any CPU
	EndGlobalSection
	GlobalSection(ProjectConfigurationPlatforms) = postSolution
		{8239F737-FB98-47B2-B69F-EAC8AF99DA70}.Debug|Any CPU.ActiveCfg = Debug|Any CPU
		{8239F737-FB98-47B2-B69F-EAC8AF99DA70}.Debug|Any CPU.Build.0 = Debug|Any CPU
		{8239F737-FB98-47B2-B69F-EAC8AF99DA70}.Release|Any CPU.ActiveCfg = Release|Any CPU
		{8239F737-FB98-47B2-B69F-EAC8AF99DA70}.Release|Any CPU.Build.0 = Release|Any CPU
		{97BB8354-AD37-40D1-AD0D-7EEE6026D2AA}.Debug|Any CPU.ActiveCfg = Debug|Any CPU
		{97BB8354-AD37-40D1-AD0D-7EEE6026D2AA}.Debug|Any CPU.Build.0 = Debug|Any CPU
		{97BB8354-AD37-40D1-AD0D-7EEE6026D2AA}.Release|Any CPU.ActiveCfg = Release|Any CPU
		{97BB8354-AD37-40D1-AD0D-7EEE6026D2AA}.Release|Any CPU.Build.0 = Release|Any CPU
		{7897FC21-26A3-4EE2-A5FC-3073BA93478C}.Debug|Any CPU.ActiveCfg = Debug|Any CPU
		{7897FC21-26A3-4EE2-A5FC-3073BA93478C}.Debug|Any CPU.Build.0 = Debug|Any CPU
		{7897FC21-26A3-4EE2-A5FC-3073BA93478C}.Release|Any CPU.ActiveCfg = Release|Any CPU
		{7897FC21-26A3-4EE2-A5FC-3073BA93478C}.Release|Any CPU.Build.0 = Release|Any CPU
		{F9250C6E-804F-430A-AA0A-EE96694DE17C}.Debug|Any CPU.ActiveCfg = Debug|Any CPU
		{F9250C6E-804F-430A-AA0A-EE96694DE17C}.Debug|Any CPU.Build.0 = Debug|Any CPU
		{F9250C6E-804F-430A-AA0A-EE96694DE17C}.Release|Any CPU.ActiveCfg = Release|Any CPU
		{F9250C6E-804F-430A-AA0A-EE96694DE17C}.Release|Any CPU.Build.0 = Release|Any CPU
		{F3A9F823-862C-43C2-B60E-7B1987032AE9}.Debug|Any CPU.ActiveCfg = Debug|Any CPU
		{F3A9F823-862C-43C2-B60E-7B1987032AE9}.Debug|Any CPU.Build.0 = Debug|Any CPU
		{F3A9F823-862C-43C2-B60E-7B1987032AE9}.Release|Any CPU.ActiveCfg = Release|Any CPU
		{F3A9F823-862C-43C2-B60E-7B1987032AE9}.Release|Any CPU.Build.0 = Release|Any CPU
	EndGlobalSection
	GlobalSection(SolutionProperties) = preSolution
		HideSolutionNode = FALSE
	EndGlobalSection
EndGlobal
